
Microsoft Visual Studio Solution File, Format Version 12.00
# Visual Studio Version 17
VisualStudioVersion = 17.8.34309.116
MinimumVisualStudioVersion = 10.0.40219.1
Project("{FAE04EC0-301F-11D3-BF4B-00C04F79EFBC}") = "Rock paper Scissors", "Rock paper Scissors\Rock paper Scissors.csproj", "{6EEB1066-64D4-4640-9A0E-735F92AA6A42}"
EndProject
Global
	GlobalSection(SolutionConfigurationPlatforms) = preSolution
		Debug|Any CPU = Debug|Any CPU
		Release|Any CPU = Release|Any CPU
	EndGlobalSection
	GlobalSection(ProjectConfigurationPlatforms) = postSolution
		{6EEB1066-64D4-4640-9A0E-735F92AA6A42}.Debug|Any CPU.ActiveCfg = Debug|Any CPU
		{6EEB1066-64D4-4640-9A0E-735F92AA6A42}.Debug|Any CPU.Build.0 = Debug|Any CPU
		{6EEB1066-64D4-4640-9A0E-735F92AA6A42}.Release|Any CPU.ActiveCfg = Release|Any CPU
		{6EEB1066-64D4-4640-9A0E-735F92AA6A42}.Release|Any CPU.Build.0 = Release|Any CPU
	EndGlobalSection
	GlobalSection(SolutionProperties) = preSolution
		HideSolutionNode = FALSE
	EndGlobalSection
	GlobalSection(ExtensibilityGlobals) = postSolution
		SolutionGuid = {506AA0BA-549B-4C5C-8158-B6A07172FA11}
	EndGlobalSection
EndGlobal
